// !$*UTF8*$!
{
	archiveVersion = 1;
	classes = {
	};
	objectVersion = 46;
	objects = {

/* Begin PBXBuildFile section */
		C285BF2C1D4B447900DF63BA /* main.m in Sources */ = {isa = PBXBuildFile; fileRef = C285BF2B1D4B447900DF63BA /* main.m */; };
		C285BF2F1D4B447900DF63BA /* AppDelegate.m in Sources */ = {isa = PBXBuildFile; fileRef = C285BF2E1D4B447900DF63BA /* AppDelegate.m */; };
		C285BF321D4B447900DF63BA /* ViewController.m in Sources */ = {isa = PBXBuildFile; fileRef = C285BF311D4B447900DF63BA /* ViewController.m */; };
		C285BF351D4B447900DF63BA /* Main.storyboard in Resources */ = {isa = PBXBuildFile; fileRef = C285BF331D4B447900DF63BA /* Main.storyboard */; };
		C285BF371D4B447900DF63BA /* Assets.xcassets in Resources */ = {isa = PBXBuildFile; fileRef = C285BF361D4B447900DF63BA /* Assets.xcassets */; };
		C285BF3A1D4B447900DF63BA /* LaunchScreen.storyboard in Resources */ = {isa = PBXBuildFile; fileRef = C285BF381D4B447900DF63BA /* LaunchScreen.storyboard */; };
		C285BF441D4B48FE00DF63BA /* LGNetworking.m in Sources */ = {isa = PBXBuildFile; fileRef = C285BF431D4B48FE00DF63BA /* LGNetworking.m */; };
		D5E5176A99741059A003468A /* libPods-LGNetworking.a in Frameworks */ = {isa = PBXBuildFile; fileRef = 87FD13BB6EDBAD8F64151F43 /* libPods-LGNetworking.a */; };
/* End PBXBuildFile section */

/* Begin PBXFileReference section */
		8619BAD0C0C3C00454865038 /* Pods-LGNetworking.debug.xcconfig */ = {isa = PBXFileReference; includeInIndex = 1; lastKnownFileType = text.xcconfig; name = "Pods-LGNetworking.debug.xcconfig"; path = "Pods/Target Support Files/Pods-LGNetworking/Pods-LGNetworking.debug.xcconfig"; sourceTree = "<group>"; };
		87FD13BB6EDBAD8F64151F43 /* libPods-LGNetworking.a */ = {isa = PBXFileReference; explicitFileType = archive.ar; includeInIndex = 0; path = "libPods-LGNetworking.a"; sourceTree = BUILT_PRODUCTS_DIR; };
		C285BF271D4B447900DF63BA /* LGNetworking.app */ = {isa = PBXFileReference; explicitFileType = wrapper.application; includeInIndex = 0; path = LGNetworking.app; sourceTree = BUILT_PRODUCTS_DIR; };
		C285BF2B1D4B447900DF63BA /* main.m */ = {isa = PBXFileReference; lastKnownFileType = sourcecode.c.objc; path = main.m; sourceTree = "<group>"; };
		C285BF2D1D4B447900DF63BA /* AppDelegate.h */ = {isa = PBXFileReference; lastKnownFileType = sourcecode.c.h; path = AppDelegate.h; sourceTree = "<group>"; };
		C285BF2E1D4B447900DF63BA /* AppDelegate.m */ = {isa = PBXFileReference; lastKnownFileType = sourcecode.c.objc; path = AppDelegate.m; sourceTree = "<group>"; };
		C285BF301D4B447900DF63BA /* ViewController.h */ = {isa = PBXFileReference; lastKnownFileType = sourcecode.c.h; path = ViewController.h; sourceTree = "<group>"; };
		C285BF311D4B447900DF63BA /* ViewController.m */ = {isa = PBXFileReference; lastKnownFileType = sourcecode.c.objc; path = ViewController.m; sourceTree = "<group>"; };
		C285BF341D4B447900DF63BA /* Base */ = {isa = PBXFileReference; lastKnownFileType = file.storyboard; name = Base; path = Base.lproj/Main.storyboard; sourceTree = "<group>"; };
		C285BF361D4B447900DF63BA /* Assets.xcassets */ = {isa = PBXFileReference; lastKnownFileType = folder.assetcatalog; path = Assets.xcassets; sourceTree = "<group>"; };
		C285BF391D4B447900DF63BA /* Base */ = {isa = PBXFileReference; lastKnownFileType = file.storyboard; name = Base; path = Base.lproj/LaunchScreen.storyboard; sourceTree = "<group>"; };
		C285BF3B1D4B447900DF63BA /* Info.plist */ = {isa = PBXFileReference; lastKnownFileType = text.plist.xml; path = Info.plist; sourceTree = "<group>"; };
		C285BF421D4B48FE00DF63BA /* LGNetworking.h */ = {isa = PBXFileReference; fileEncoding = 4; lastKnownFileType = sourcecode.c.h; path = LGNetworking.h; sourceTree = "<group>"; };
		C285BF431D4B48FE00DF63BA /* LGNetworking.m */ = {isa = PBXFileReference; fileEncoding = 4; lastKnownFileType = sourcecode.c.objc; path = LGNetworking.m; sourceTree = "<group>"; };
		FC9E3BCCA95C174CF04DB74F /* Pods-LGNetworking.release.xcconfig */ = {isa = PBXFileReference; includeInIndex = 1; lastKnownFileType = text.xcconfig; name = "Pods-LGNetworking.release.xcconfig"; path = "Pods/Target Support Files/Pods-LGNetworking/Pods-LGNetworking.release.xcconfig"; sourceTree = "<group>"; };
/* End PBXFileReference section */

/* Begin PBXFrameworksBuildPhase section */
		C285BF241D4B447900DF63BA /* Frameworks */ = {
			isa = PBXFrameworksBuildPhase;
			buildActionMask = 2147483647;
			files = (
				D5E5176A99741059A003468A /* libPods-LGNetworking.a in Frameworks */,
			);
			runOnlyForDeploymentPostprocessing = 0;
		};
/* End PBXFrameworksBuildPhase section */

/* Begin PBXGroup section */
		2D4265BB89139C1C8377B573 /* Pods */ = {
			isa = PBXGroup;
			children = (
				8619BAD0C0C3C00454865038 /* Pods-LGNetworking.debug.xcconfig */,
				FC9E3BCCA95C174CF04DB74F /* Pods-LGNetworking.release.xcconfig */,
			);
			name = Pods;
			sourceTree = "<group>";
		};
		970F07007334AD05F1425D60 /* Frameworks */ = {
			isa = PBXGroup;
			children = (
				87FD13BB6EDBAD8F64151F43 /* libPods-LGNetworking.a */,
			);
			name = Frameworks;
			sourceTree = "<group>";
		};
		C285BF1E1D4B447900DF63BA = {
			isa = PBXGroup;
			children = (
				C285BF291D4B447900DF63BA /* LGNetworking */,
				C285BF281D4B447900DF63BA /* Products */,
				2D4265BB89139C1C8377B573 /* Pods */,
				970F07007334AD05F1425D60 /* Frameworks */,
			);
			sourceTree = "<group>";
		};
		C285BF281D4B447900DF63BA /* Products */ = {
			isa = PBXGroup;
			children = (
				C285BF271D4B447900DF63BA /* LGNetworking.app */,
			);
			name = Products;
			sourceTree = "<group>";
		};
		C285BF291D4B447900DF63BA /* LGNetworking */ = {
			isa = PBXGroup;
			children = (
				C285BF411D4B48BC00DF63BA /* LGNetworking */,
				C285BF2D1D4B447900DF63BA /* AppDelegate.h */,
				C285BF2E1D4B447900DF63BA /* AppDelegate.m */,
				C285BF301D4B447900DF63BA /* ViewController.h */,
				C285BF311D4B447900DF63BA /* ViewController.m */,
				C285BF331D4B447900DF63BA /* Main.storyboard */,
				C285BF361D4B447900DF63BA /* Assets.xcassets */,
				C285BF381D4B447900DF63BA /* LaunchScreen.storyboard */,
				C285BF3B1D4B447900DF63BA /* Info.plist */,
				C285BF2A1D4B447900DF63BA /* Supporting Files */,
			);
			path = LGNetworking;
			sourceTree = "<group>";
		};
		C285BF2A1D4B447900DF63BA /* Supporting Files */ = {
			isa = PBXGroup;
			children = (
				C285BF2B1D4B447900DF63BA /* main.m */,
			);
			name = "Supporting Files";
			sourceTree = "<group>";
		};
		C285BF411D4B48BC00DF63BA /* LGNetworking */ = {
			isa = PBXGroup;
			children = (
				C285BF421D4B48FE00DF63BA /* LGNetworking.h */,
				C285BF431D4B48FE00DF63BA /* LGNetworking.m */,
			);
			path = LGNetworking;
			sourceTree = "<group>";
		};
/* End PBXGroup section */

/* Begin PBXNativeTarget section */
		C285BF261D4B447900DF63BA /* LGNetworking */ = {
			isa = PBXNativeTarget;
			buildConfigurationList = C285BF3E1D4B447900DF63BA /* Build configuration list for PBXNativeTarget "LGNetworking" */;
			buildPhases = (
				7FDD8759991D8C2FA0E2A731 /* [CP] Check Pods Manifest.lock */,
				C285BF231D4B447900DF63BA /* Sources */,
				C285BF241D4B447900DF63BA /* Frameworks */,
				C285BF251D4B447900DF63BA /* Resources */,
				DF0C0098FF35D58CDAA8F277 /* [CP] Embed Pods Frameworks */,
				3B9ABC3BD0DC644D60DAFB5C /* [CP] Copy Pods Resources */,
			);
			buildRules = (
			);
			dependencies = (
			);
			name = LGNetworking;
			productName = LGNetworking;
			productReference = C285BF271D4B447900DF63BA /* LGNetworking.app */;
			productType = "com.apple.product-type.application";
		};
/* End PBXNativeTarget section */

/* Begin PBXProject section */
		C285BF1F1D4B447900DF63BA /* Project object */ = {
			isa = PBXProject;
			attributes = {
				LastUpgradeCheck = 0730;
				ORGANIZATIONNAME = DM;
				TargetAttributes = {
					C285BF261D4B447900DF63BA = {
						CreatedOnToolsVersion = 7.3;
					};
				};
			};
			buildConfigurationList = C285BF221D4B447900DF63BA /* Build configuration list for PBXProject "LGNetworking" */;
			compatibilityVersion = "Xcode 3.2";
			developmentRegion = English;
			hasScannedForEncodings = 0;
			knownRegions = (
				en,
				Base,
			);
			mainGroup = C285BF1E1D4B447900DF63BA;
			productRefGroup = C285BF281D4B447900DF63BA /* Products */;
			projectDirPath = "";
			projectRoot = "";
			targets = (
				C285BF261D4B447900DF63BA /* LGNetworking */,
			);
		};
/* End PBXProject section */

/* Begin PBXResourcesBuildPhase section */
		C285BF251D4B447900DF63BA /* Resources */ = {
			isa = PBXResourcesBuildPhase;
			buildActionMask = 2147483647;
			files = (
				C285BF3A1D4B447900DF63BA /* LaunchScreen.storyboard in Resources */,
				C285BF371D4B447900DF63BA /* Assets.xcassets in Resources */,
				C285BF351D4B447900DF63BA /* Main.storyboard in Resources */,
			);
			runOnlyForDeploymentPostprocessing = 0;
		};
/* End PBXResourcesBuildPhase section */

/* Begin PBXShellScriptBuildPhase section */
		3B9ABC3BD0DC644D60DAFB5C /* [CP] Copy Pods Resources */ = {
			isa = PBXShellScriptBuildPhase;
			buildActionMask = 2147483647;
			files = (
			);
			inputPaths = (
			);
			name = "[CP] Copy Pods Resources";
			outputPaths = (
			);
			runOnlyForDeploymentPostprocessing = 0;
			shellPath = /bin/sh;
			shellScript = "\"${SRCROOT}/Pods/Target Support Files/Pods-LGNetworking/Pods-LGNetworking-resources.sh\"\n";
			showEnvVarsInLog = 0;
		};
		7FDD8759991D8C2FA0E2A731 /* [CP] Check Pods Manifest.lock */ = {
			isa = PBXShellScriptBuildPhase;
			buildActionMask = 2147483647;
			files = (
			);
			inputPaths = (
			);
			name = "[CP] Check Pods Manifest.lock";
			outputPaths = (
			);
			runOnlyForDeploymentPostprocessing = 0;
			shellPath = /bin/sh;
			shellScript = "diff \"${PODS_ROOT}/../Podfile.lock\" \"${PODS_ROOT}/Manifest.lock\" > /dev/null\nif [[ $? != 0 ]] ; then\n    cat << EOM\nerror: The sandbox is not in sync with the Podfile.lock. Run 'pod install' or update your CocoaPods installation.\nEOM\n    exit 1\nfi\n";
			showEnvVarsInLog = 0;
		};
		DF0C0098FF35D58CDAA8F277 /* [CP] Embed Pods Frameworks */ = {
			isa = PBXShellScriptBuildPhase;
			buildActionMask = 2147483647;
			files = (
			);
			inputPaths = (
			);
			name = "[CP] Embed Pods Frameworks";
			outputPaths = (
			);
			runOnlyForDeploymentPostprocessing = 0;
			shellPath = /bin/sh;
			shellScript = "\"${SRCROOT}/Pods/Target Support Files/Pods-LGNetworking/Pods-LGNetworking-frameworks.sh\"\n";
			showEnvVarsInLog = 0;
		};
/* End PBXShellScriptBuildPhase section */

/* Begin PBXSourcesBuildPhase section */
		C285BF231D4B447900DF63BA /* Sources */ = {
			isa = PBXSourcesBuildPhase;
			buildActionMask = 2147483647;
			files = (
				C285BF441D4B48FE00DF63BA /* LGNetworking.m in Sources */,
				C285BF321D4B447900DF63BA /* ViewController.m in Sources */,
				C285BF2F1D4B447900DF63BA /* AppDelegate.m in Sources */,
				C285BF2C1D4B447900DF63BA /* main.m in Sources */,
			);
			runOnlyForDeploymentPostprocessing = 0;
		};
/* End PBXSourcesBuildPhase section */

/* Begin PBXVariantGroup section */
		C285BF331D4B447900DF63BA /* Main.storyboard */ = {
			isa = PBXVariantGroup;
			children = (
				C285BF341D4B447900DF63BA /* Base */,
			);
			name = Main.storyboard;
			sourceTree = "<group>";
		};
		C285BF381D4B447900DF63BA /* LaunchScreen.storyboard */ = {
			isa = PBXVariantGroup;
			children = (
				C285BF391D4B447900DF63BA /* Base */,
			);
			name = LaunchScreen.storyboard;
			sourceTree = "<group>";
		};
/* End PBXVariantGroup section */

/* Begin XCBuildConfiguration section */
		C285BF3C1D4B447900DF63BA /* Debug */ = {
			isa = XCBuildConfiguration;
			buildSettings = {
				ALWAYS_SEARCH_USER_PATHS = NO;
				CLANG_ANALYZER_NONNULL = YES;
				CLANG_CXX_LANGUAGE_STANDARD = "gnu++0x";
				CLANG_CXX_LIBRARY = "libc++";
				CLANG_ENABLE_MODULES = YES;
				CLANG_ENABLE_OBJC_ARC = YES;
				CLANG_WARN_BOOL_CONVERSION = YES;
				CLANG_WARN_CONSTANT_CONVERSION = YES;
				CLANG_WARN_DIRECT_OBJC_ISA_USAGE = YES_ERROR;
				CLANG_WARN_EMPTY_BODY = YES;
				CLANG_WARN_ENUM_CONVERSION = YES;
				CLANG_WARN_INT_CONVERSION = YES;
				CLANG_WARN_OBJC_ROOT_CLASS = YES_ERROR;
				CLANG_WARN_UNREACHABLE_CODE = YES;
				CLANG_WARN__DUPLICATE_METHOD_MATCH = YES;
				"CODE_SIGN_IDENTITY[sdk=iphoneos*]" = "iPhone Developer";
				COPY_PHASE_STRIP = NO;
				DEBUG_INFORMATION_FORMAT = dwarf;
				ENABLE_STRICT_OBJC_MSGSEND = YES;
				ENABLE_TESTABILITY = YES;
				GCC_C_LANGUAGE_STANDARD = gnu99;
				GCC_DYNAMIC_NO_PIC = NO;
				GCC_NO_COMMON_BLOCKS = YES;
				GCC_OPTIMIZATION_LEVEL = 0;
				GCC_PREPROCESSOR_DEFINITIONS = (
					"DEBUG=1",
					"$(inherited)",
				);
				GCC_WARN_64_TO_32_BIT_CONVERSION = YES;
				GCC_WARN_ABOUT_RETURN_TYPE = YES_ERROR;
				GCC_WARN_UNDECLARED_SELECTOR = YES;
				GCC_WARN_UNINITIALIZED_AUTOS = YES_AGGRESSIVE;
				GCC_WARN_UNUSED_FUNCTION = YES;
				GCC_WARN_UNUSED_VARIABLE = YES;
				IPHONEOS_DEPLOYMENT_TARGET = 9.3;
				MTL_ENABLE_DEBUG_INFO = YES;
				ONLY_ACTIVE_ARCH = YES;
				SDKROOT = iphoneos;
				TARGETED_DEVICE_FAMILY = "1,2";
			};
			name = Debug;
		};
		C285BF3D1D4B447900DF63BA /* Release */ = {
			isa = XCBuildConfiguration;
			buildSettings = {
				ALWAYS_SEARCH_USER_PATHS = NO;
				CLANG_ANALYZER_NONNULL = YES;
				CLANG_CXX_LANGUAGE_STANDARD = "gnu++0x";
				CLANG_CXX_LIBRARY = "libc++";
				CLANG_ENABLE_MODULES = YES;
				CLANG_ENABLE_OBJC_ARC = YES;
				CLANG_WARN_BOOL_CONVERSION = YES;
				CLANG_WARN_CONSTANT_CONVERSION = YES;
				CLANG_WARN_DIRECT_OBJC_ISA_USAGE = YES_ERROR;
				CLANG_WARN_EMPTY_BODY = YES;
				CLANG_WARN_ENUM_CONVERSION = YES;
				CLANG_WARN_INT_CONVERSION = YES;
				CLANG_WARN_OBJC_ROOT_CLASS = YES_ERROR;
				CLANG_WARN_UNREACHABLE_CODE = YES;
				CLANG_WARN__DUPLICATE_METHOD_MATCH = YES;
				"CODE_SIGN_IDENTITY[sdk=iphoneos*]" = "iPhone Developer";
				COPY_PHASE_STRIP = NO;
				DEBUG_INFORMATION_FORMAT = "dwarf-with-dsym";
				ENABLE_NS_ASSERTIONS = NO;
				ENABLE_STRICT_OBJC_MSGSEND = YES;
				GCC_C_LANGUAGE_STANDARD = gnu99;
				GCC_NO_COMMON_BLOCKS = YES;
				GCC_WARN_64_TO_32_BIT_CONVERSION = YES;
				GCC_WARN_ABOUT_RETURN_TYPE = YES_ERROR;
				GCC_WARN_UNDECLARED_SELECTOR = YES;
				GCC_WARN_UNINITIALIZED_AUTOS = YES_AGGRESSIVE;
				GCC_WARN_UNUSED_FUNCTION = YES;
				GCC_WARN_UNUSED_VARIABLE = YES;
				IPHONEOS_DEPLOYMENT_TARGET = 9.3;
				MTL_ENABLE_DEBUG_INFO = NO;
				SDKROOT = iphoneos;
				TARGETED_DEVICE_FAMILY = "1,2";
				VALIDATE_PRODUCT = YES;
			};
			name = Release;
		};
		C285BF3F1D4B447900DF63BA /* Debug */ = {
			isa = XCBuildConfiguration;
			baseConfigurationReference = 8619BAD0C0C3C00454865038 /* Pods-LGNetworking.debug.xcconfig */;
			buildSettings = {
				ASSETCATALOG_COMPILER_APPICON_NAME = AppIcon;
				INFOPLIST_FILE = LGNetworking/Info.plist;
				LD_RUNPATH_SEARCH_PATHS = "$(inherited) @executable_path/Frameworks";
				PRODUCT_BUNDLE_IDENTIFIER = com.dianmeng.www.LGNetworking;
				PRODUCT_NAME = "$(TARGET_NAME)";
			};
			name = Debug;
		};
		C285BF401D4B447900DF63BA /* Release */ = {
			isa = XCBuildConfiguration;
			baseConfigurationReference = FC9E3BCCA95C174CF04DB74F /* Pods-LGNetworking.release.xcconfig */;
			buildSettings = {
				ASSETCATALOG_COMPILER_APPICON_NAME = AppIcon;
				INFOPLIST_FILE = LGNetworking/Info.plist;
				LD_RUNPATH_SEARCH_PATHS = "$(inherited) @executable_path/Frameworks";
				PRODUCT_BUNDLE_IDENTIFIER = com.dianmeng.www.LGNetworking;
				PRODUCT_NAME = "$(TARGET_NAME)";
			};
			name = Release;
		};
/* End XCBuildConfiguration section */

/* Begin XCConfigurationList section */
		C285BF221D4B447900DF63BA /* Build configuration list for PBXProject "LGNetworking" */ = {
			isa = XCConfigurationList;
			buildConfigurations = (
				C285BF3C1D4B447900DF63BA /* Debug */,
				C285BF3D1D4B447900DF63BA /* Release */,
			);
			defaultConfigurationIsVisible = 0;
			defaultConfigurationName = Release;
		};
		C285BF3E1D4B447900DF63BA /* Build configuration list for PBXNativeTarget "LGNetworking" */ = {
			isa = XCConfigurationList;
			buildConfigurations = (
				C285BF3F1D4B447900DF63BA /* Debug */,
				C285BF401D4B447900DF63BA /* Release */,
			);
			defaultConfigurationIsVisible = 0;
			defaultConfigurationName = Release;
		};
/* End XCConfigurationList section */
	};
	rootObject = C285BF1F1D4B447900DF63BA /* Project object */;
}
